
Microsoft Visual Studio Solution File, Format Version 12.00
# Visual Studio Version 16
VisualStudioVersion = 16.0.32407.337
MinimumVisualStudioVersion = 10.0.40219.1
Project("{FAE04EC0-301F-11D3-BF4B-00C04F79EFBC}") = "KnittingHelp.UWP", "KnittingHelp.UWP\KnittingHelp.UWP.csproj", "{840418AA-C7C0-4D69-95FB-065F41A0F0F4}"
EndProject
Project("{FAE04EC0-301F-11D3-BF4B-00C04F79EFBC}") = "KnittingHelp.Android", "KnittingHelp.Android\KnittingHelp.Android.csproj", "{8E4EB250-3840-4EBD-9075-286C91649738}"
EndProject
Project("{FAE04EC0-301F-11D3-BF4B-00C04F79EFBC}") = "KnittingHelp.iOS", "KnittingHelp.iOS\KnittingHelp.iOS.csproj", "{1444C806-D166-404D-B6BE-F4109C289280}"
EndProject
Project("{FAE04EC0-301F-11D3-BF4B-00C04F79EFBC}") = "KnittingHelp", "KnittingHelp\KnittingHelp.csproj", "{EBA2B051-764E-42E1-8AD2-411877D513DB}"
EndProject
Global
	GlobalSection(SolutionConfigurationPlatforms) = preSolution
		Debug|Any CPU = Debug|Any CPU
		Debug|ARM = Debug|ARM
		Debug|iPhone = Debug|iPhone
		Debug|iPhoneSimulator = Debug|iPhoneSimulator
		Debug|x64 = Debug|x64
		Debug|x86 = Debug|x86
		Release|Any CPU = Release|Any CPU
		Release|ARM = Release|ARM
		Release|iPhone = Release|iPhone
		Release|iPhoneSimulator = Release|iPhoneSimulator
		Release|x64 = Release|x64
		Release|x86 = Release|x86
	EndGlobalSection
	GlobalSection(ProjectConfigurationPlatforms) = postSolution
		{840418AA-C7C0-4D69-95FB-065F41A0F0F4}.Debug|Any CPU.ActiveCfg = Debug|x86
		{840418AA-C7C0-4D69-95FB-065F41A0F0F4}.Debug|Any CPU.Build.0 = Debug|x86
		{840418AA-C7C0-4D69-95FB-065F41A0F0F4}.Debug|Any CPU.Deploy.0 = Debug|x86
		{840418AA-C7C0-4D69-95FB-065F41A0F0F4}.Debug|ARM.ActiveCfg = Debug|ARM
		{840418AA-C7C0-4D69-95FB-065F41A0F0F4}.Debug|ARM.Build.0 = Debug|ARM
		{840418AA-C7C0-4D69-95FB-065F41A0F0F4}.Debug|ARM.Deploy.0 = Debug|ARM
		{840418AA-C7C0-4D69-95FB-065F41A0F0F4}.Debug|iPhone.ActiveCfg = Debug|x86
		{840418AA-C7C0-4D69-95FB-065F41A0F0F4}.Debug|iPhone.Build.0 = Debug|x86
		{840418AA-C7C0-4D69-95FB-065F41A0F0F4}.Debug|iPhone.Deploy.0 = Debug|x86
		{840418AA-C7C0-4D69-95FB-065F41A0F0F4}.Debug|iPhoneSimulator.ActiveCfg = Debug|x86
		{840418AA-C7C0-4D69-95FB-065F41A0F0F4}.Debug|iPhoneSimulator.Build.0 = Debug|x86
		{840418AA-C7C0-4D69-95FB-065F41A0F0F4}.Debug|iPhoneSimulator.Deploy.0 = Debug|x86
		{840418AA-C7C0-4D69-95FB-065F41A0F0F4}.Debug|x64.ActiveCfg = Debug|x64
		{840418AA-C7C0-4D69-95FB-065F41A0F0F4}.Debug|x64.Build.0 = Debug|x64
		{840418AA-C7C0-4D69-95FB-065F41A0F0F4}.Debug|x64.Deploy.0 = Debug|x64
		{840418AA-C7C0-4D69-95FB-065F41A0F0F4}.Debug|x86.ActiveCfg = Debug|x86
		{840418AA-C7C0-4D69-95FB-065F41A0F0F4}.Debug|x86.Build.0 = Debug|x86
		{840418AA-C7C0-4D69-95FB-065F41A0F0F4}.Debug|x86.Deploy.0 = Debug|x86
		{840418AA-C7C0-4D69-95FB-065F41A0F0F4}.Release|Any CPU.ActiveCfg = Release|x86
		{840418AA-C7C0-4D69-95FB-065F41A0F0F4}.Release|Any CPU.Build.0 = Release|x86
		{840418AA-C7C0-4D69-95FB-065F41A0F0F4}.Release|Any CPU.Deploy.0 = Release|x86
		{840418AA-C7C0-4D69-95FB-065F41A0F0F4}.Release|ARM.ActiveCfg = Release|ARM
		{840418AA-C7C0-4D69-95FB-065F41A0F0F4}.Release|ARM.Build.0 = Release|ARM
		{840418AA-C7C0-4D69-95FB-065F41A0F0F4}.Release|ARM.Deploy.0 = Release|ARM
		{840418AA-C7C0-4D69-95FB-065F41A0F0F4}.Release|iPhone.ActiveCfg = Release|x86
		{840418AA-C7C0-4D69-95FB-065F41A0F0F4}.Release|iPhone.Build.0 = Release|x86
		{840418AA-C7C0-4D69-95FB-065F41A0F0F4}.Release|iPhone.Deploy.0 = Release|x86
		{840418AA-C7C0-4D69-95FB-065F41A0F0F4}.Release|iPhoneSimulator.ActiveCfg = Release|x86
		{840418AA-C7C0-4D69-95FB-065F41A0F0F4}.Release|iPhoneSimulator.Build.0 = Release|x86
		{840418AA-C7C0-4D69-95FB-065F41A0F0F4}.Release|iPhoneSimulator.Deploy.0 = Release|x86
		{840418AA-C7C0-4D69-95FB-065F41A0F0F4}.Release|x64.ActiveCfg = Release|x64
		{840418AA-C7C0-4D69-95FB-065F41A0F0F4}.Release|x64.Build.0 = Release|x64
		{840418AA-C7C0-4D69-95FB-065F41A0F0F4}.Release|x64.Deploy.0 = Release|x64
		{840418AA-C7C0-4D69-95FB-065F41A0F0F4}.Release|x86.ActiveCfg = Release|x86
		{840418AA-C7C0-4D69-95FB-065F41A0F0F4}.Release|x86.Build.0 = Release|x86
		{840418AA-C7C0-4D69-95FB-065F41A0F0F4}.Release|x86.Deploy.0 = Release|x86
		{8E4EB250-3840-4EBD-9075-286C91649738}.Debug|Any CPU.ActiveCfg = Debug|Any CPU
		{8E4EB250-3840-4EBD-9075-286C91649738}.Debug|Any CPU.Build.0 = Debug|Any CPU
		{8E4EB250-3840-4EBD-9075-286C91649738}.Debug|Any CPU.Deploy.0 = Debug|Any CPU
		{8E4EB250-3840-4EBD-9075-286C91649738}.Debug|ARM.ActiveCfg = Debug|Any CPU
		{8E4EB250-3840-4EBD-9075-286C91649738}.Debug|ARM.Build.0 = Debug|Any CPU
		{8E4EB250-3840-4EBD-9075-286C91649738}.Debug|ARM.Deploy.0 = Debug|Any CPU
		{8E4EB250-3840-4EBD-9075-286C91649738}.Debug|iPhone.ActiveCfg = Debug|Any CPU
		{8E4EB250-3840-4EBD-9075-286C91649738}.Debug|iPhone.Build.0 = Debug|Any CPU
		{8E4EB250-3840-4EBD-9075-286C91649738}.Debug|iPhone.Deploy.0 = Debug|Any CPU
		{8E4EB250-3840-4EBD-9075-286C91649738}.Debug|iPhoneSimulator.ActiveCfg = Debug|Any CPU
		{8E4EB250-3840-4EBD-9075-286C91649738}.Debug|iPhoneSimulator.Build.0 = Debug|Any CPU
		{8E4EB250-3840-4EBD-9075-286C91649738}.Debug|iPhoneSimulator.Deploy.0 = Debug|Any CPU
		{8E4EB250-3840-4EBD-9075-286C91649738}.Debug|x64.ActiveCfg = Debug|Any CPU
		{8E4EB250-3840-4EBD-9075-286C91649738}.Debug|x64.Build.0 = Debug|Any CPU
		{8E4EB250-3840-4EBD-9075-286C91649738}.Debug|x64.Deploy.0 = Debug|Any CPU
		{8E4EB250-3840-4EBD-9075-286C91649738}.Debug|x86.ActiveCfg = Debug|Any CPU
		{8E4EB250-3840-4EBD-9075-286C91649738}.Debug|x86.Build.0 = Debug|Any CPU
		{8E4EB250-3840-4EBD-9075-286C91649738}.Debug|x86.Deploy.0 = Debug|Any CPU
		{8E4EB250-3840-4EBD-9075-286C91649738}.Release|Any CPU.ActiveCfg = Release|Any CPU
		{8E4EB250-3840-4EBD-9075-286C91649738}.Release|Any CPU.Build.0 = Release|Any CPU
		{8E4EB250-3840-4EBD-9075-286C91649738}.Release|Any CPU.Deploy.0 = Release|Any CPU
		{8E4EB250-3840-4EBD-9075-286C91649738}.Release|ARM.ActiveCfg = Release|Any CPU
		{8E4EB250-3840-4EBD-9075-286C91649738}.Release|ARM.Build.0 = Release|Any CPU
		{8E4EB250-3840-4EBD-9075-286C91649738}.Release|ARM.Deploy.0 = Release|Any CPU
		{8E4EB250-3840-4EBD-9075-286C91649738}.Release|iPhone.ActiveCfg = Release|Any CPU
		{8E4EB250-3840-4EBD-9075-286C91649738}.Release|iPhone.Build.0 = Release|Any CPU
		{8E4EB250-3840-4EBD-9075-286C91649738}.Release|iPhone.Deploy.0 = Release|Any CPU
		{8E4EB250-3840-4EBD-9075-286C91649738}.Release|iPhoneSimulator.ActiveCfg = Release|Any CPU
		{8E4EB250-3840-4EBD-9075-286C91649738}.Release|iPhoneSimulator.Build.0 = Release|Any CPU
		{8E4EB250-3840-4EBD-9075-286C91649738}.Release|iPhoneSimulator.Deploy.0 = Release|Any CPU
		{8E4EB250-3840-4EBD-9075-286C91649738}.Release|x64.ActiveCfg = Release|Any CPU
		{8E4EB250-3840-4EBD-9075-286C91649738}.Release|x64.Build.0 = Release|Any CPU
		{8E4EB250-3840-4EBD-9075-286C91649738}.Release|x64.Deploy.0 = Release|Any CPU
		{8E4EB250-3840-4EBD-9075-286C91649738}.Release|x86.ActiveCfg = Release|Any CPU
		{8E4EB250-3840-4EBD-9075-286C91649738}.Release|x86.Build.0 = Release|Any CPU
		{8E4EB250-3840-4EBD-9075-286C91649738}.Release|x86.Deploy.0 = Release|Any CPU
		{1444C806-D166-404D-B6BE-F4109C289280}.Debug|Any CPU.ActiveCfg = Debug|iPhoneSimulator
		{1444C806-D166-404D-B6BE-F4109C289280}.Debug|Any CPU.Build.0 = Debug|iPhoneSimulator
		{1444C806-D166-404D-B6BE-F4109C289280}.Debug|Any CPU.Deploy.0 = Debug|iPhoneSimulator
		{1444C806-D166-404D-B6BE-F4109C289280}.Debug|ARM.ActiveCfg = Debug|iPhone
		{1444C806-D166-404D-B6BE-F4109C289280}.Debug|ARM.Build.0 = Debug|iPhone
		{1444C806-D166-404D-B6BE-F4109C289280}.Debug|ARM.Deploy.0 = Debug|iPhone
		{1444C806-D166-404D-B6BE-F4109C289280}.Debug|iPhone.ActiveCfg = Debug|iPhone
		{1444C806-D166-404D-B6BE-F4109C289280}.Debug|iPhone.Build.0 = Debug|iPhone
		{1444C806-D166-404D-B6BE-F4109C289280}.Debug|iPhone.Deploy.0 = Debug|iPhone
		{1444C806-D166-404D-B6BE-F4109C289280}.Debug|iPhoneSimulator.ActiveCfg = Debug|iPhoneSimulator
		{1444C806-D166-404D-B6BE-F4109C289280}.Debug|iPhoneSimulator.Build.0 = Debug|iPhoneSimulator
		{1444C806-D166-404D-B6BE-F4109C289280}.Debug|iPhoneSimulator.Deploy.0 = Debug|iPhoneSimulator
		{1444C806-D166-404D-B6BE-F4109C289280}.Debug|x64.ActiveCfg = Debug|iPhoneSimulator
		{1444C806-D166-404D-B6BE-F4109C289280}.Debug|x64.Build.0 = Debug|iPhoneSimulator
		{1444C806-D166-404D-B6BE-F4109C289280}.Debug|x64.Deploy.0 = Debug|iPhoneSimulator
		{1444C806-D166-404D-B6BE-F4109C289280}.Debug|x86.ActiveCfg = Debug|iPhoneSimulator
		{1444C806-D166-404D-B6BE-F4109C289280}.Debug|x86.Build.0 = Debug|iPhoneSimulator
		{1444C806-D166-404D-B6BE-F4109C289280}.Debug|x86.Deploy.0 = Debug|iPhoneSimulator
		{1444C806-D166-404D-B6BE-F4109C289280}.Release|Any CPU.ActiveCfg = Release|iPhoneSimulator
		{1444C806-D166-404D-B6BE-F4109C289280}.Release|Any CPU.Build.0 = Release|iPhoneSimulator
		{1444C806-D166-404D-B6BE-F4109C289280}.Release|Any CPU.Deploy.0 = Release|iPhoneSimulator
		{1444C806-D166-404D-B6BE-F4109C289280}.Release|ARM.ActiveCfg = Release|iPhoneSimulator
		{1444C806-D166-404D-B6BE-F4109C289280}.Release|ARM.Build.0 = Release|iPhoneSimulator
		{1444C806-D166-404D-B6BE-F4109C289280}.Release|ARM.Deploy.0 = Release|iPhoneSimulator
		{1444C806-D166-404D-B6BE-F4109C289280}.Release|iPhone.ActiveCfg = Release|iPhone
		{1444C806-D166-404D-B6BE-F4109C289280}.Release|iPhone.Build.0 = Release|iPhone
		{1444C806-D166-404D-B6BE-F4109C289280}.Release|iPhone.Deploy.0 = Release|iPhone
		{1444C806-D166-404D-B6BE-F4109C289280}.Release|iPhoneSimulator.ActiveCfg = Release|iPhoneSimulator
		{1444C806-D166-404D-B6BE-F4109C289280}.Release|iPhoneSimulator.Build.0 = Release|iPhoneSimulator
		{1444C806-D166-404D-B6BE-F4109C289280}.Release|iPhoneSimulator.Deploy.0 = Release|iPhoneSimulator
		{1444C806-D166-404D-B6BE-F4109C289280}.Release|x64.ActiveCfg = Release|iPhoneSimulator
		{1444C806-D166-404D-B6BE-F4109C289280}.Release|x64.Build.0 = Release|iPhoneSimulator
		{1444C806-D166-404D-B6BE-F4109C289280}.Release|x64.Deploy.0 = Release|iPhoneSimulator
		{1444C806-D166-404D-B6BE-F4109C289280}.Release|x86.ActiveCfg = Release|iPhoneSimulator
		{1444C806-D166-404D-B6BE-F4109C289280}.Release|x86.Build.0 = Release|iPhoneSimulator
		{1444C806-D166-404D-B6BE-F4109C289280}.Release|x86.Deploy.0 = Release|iPhoneSimulator
		{EBA2B051-764E-42E1-8AD2-411877D513DB}.Debug|Any CPU.ActiveCfg = Debug|Any CPU
		{EBA2B051-764E-42E1-8AD2-411877D513DB}.Debug|Any CPU.Build.0 = Debug|Any CPU
		{EBA2B051-764E-42E1-8AD2-411877D513DB}.Debug|Any CPU.Deploy.0 = Debug|Any CPU
		{EBA2B051-764E-42E1-8AD2-411877D513DB}.Debug|ARM.ActiveCfg = Debug|Any CPU
		{EBA2B051-764E-42E1-8AD2-411877D513DB}.Debug|ARM.Build.0 = Debug|Any CPU
		{EBA2B051-764E-42E1-8AD2-411877D513DB}.Debug|ARM.Deploy.0 = Debug|Any CPU
		{EBA2B051-764E-42E1-8AD2-411877D513DB}.Debug|iPhone.ActiveCfg = Debug|Any CPU
		{EBA2B051-764E-42E1-8AD2-411877D513DB}.Debug|iPhone.Build.0 = Debug|Any CPU
		{EBA2B051-764E-42E1-8AD2-411877D513DB}.Debug|iPhone.Deploy.0 = Debug|Any CPU
		{EBA2B051-764E-42E1-8AD2-411877D513DB}.Debug|iPhoneSimulator.ActiveCfg = Debug|Any CPU
		{EBA2B051-764E-42E1-8AD2-411877D513DB}.Debug|iPhoneSimulator.Build.0 = Debug|Any CPU
		{EBA2B051-764E-42E1-8AD2-411877D513DB}.Debug|iPhoneSimulator.Deploy.0 = Debug|Any CPU
		{EBA2B051-764E-42E1-8AD2-411877D513DB}.Debug|x64.ActiveCfg = Debug|Any CPU
		{EBA2B051-764E-42E1-8AD2-411877D513DB}.Debug|x64.Build.0 = Debug|Any CPU
		{EBA2B051-764E-42E1-8AD2-411877D513DB}.Debug|x64.Deploy.0 = Debug|Any CPU
		{EBA2B051-764E-42E1-8AD2-411877D513DB}.Debug|x86.ActiveCfg = Debug|Any CPU
		{EBA2B051-764E-42E1-8AD2-411877D513DB}.Debug|x86.Build.0 = Debug|Any CPU
		{EBA2B051-764E-42E1-8AD2-411877D513DB}.Debug|x86.Deploy.0 = Debug|Any CPU
		{EBA2B051-764E-42E1-8AD2-411877D513DB}.Release|Any CPU.ActiveCfg = Release|Any CPU
		{EBA2B051-764E-42E1-8AD2-411877D513DB}.Release|Any CPU.Build.0 = Release|Any CPU
		{EBA2B051-764E-42E1-8AD2-411877D513DB}.Release|Any CPU.Deploy.0 = Release|Any CPU
		{EBA2B051-764E-42E1-8AD2-411877D513DB}.Release|ARM.ActiveCfg = Release|Any CPU
		{EBA2B051-764E-42E1-8AD2-411877D513DB}.Release|ARM.Build.0 = Release|Any CPU
		{EBA2B051-764E-42E1-8AD2-411877D513DB}.Release|ARM.Deploy.0 = Release|Any CPU
		{EBA2B051-764E-42E1-8AD2-411877D513DB}.Release|iPhone.ActiveCfg = Release|Any CPU
		{EBA2B051-764E-42E1-8AD2-411877D513DB}.Release|iPhone.Build.0 = Release|Any CPU
		{EBA2B051-764E-42E1-8AD2-411877D513DB}.Release|iPhone.Deploy.0 = Release|Any CPU
		{EBA2B051-764E-42E1-8AD2-411877D513DB}.Release|iPhoneSimulator.ActiveCfg = Release|Any CPU
		{EBA2B051-764E-42E1-8AD2-411877D513DB}.Release|iPhoneSimulator.Build.0 = Release|Any CPU
		{EBA2B051-764E-42E1-8AD2-411877D513DB}.Release|iPhoneSimulator.Deploy.0 = Release|Any CPU
		{EBA2B051-764E-42E1-8AD2-411877D513DB}.Release|x64.ActiveCfg = Release|Any CPU
		{EBA2B051-764E-42E1-8AD2-411877D513DB}.Release|x64.Build.0 = Release|Any CPU
		{EBA2B051-764E-42E1-8AD2-411877D513DB}.Release|x64.Deploy.0 = Release|Any CPU
		{EBA2B051-764E-42E1-8AD2-411877D513DB}.Release|x86.ActiveCfg = Release|Any CPU
		{EBA2B051-764E-42E1-8AD2-411877D513DB}.Release|x86.Build.0 = Release|Any CPU
		{EBA2B051-764E-42E1-8AD2-411877D513DB}.Release|x86.Deploy.0 = Release|Any CPU
	EndGlobalSection
	GlobalSection(SolutionProperties) = preSolution
		HideSolutionNode = FALSE
	EndGlobalSection
	GlobalSection(ExtensibilityGlobals) = postSolution
		SolutionGuid = {FCC45071-D0FF-455B-9497-D57664A35585}
	EndGlobalSection
EndGlobal
